// !$*UTF8*$!
{
	archiveVersion = 1;
	classes = {
	};
	objectVersion = 55;
	objects = {

/* Begin PBXBuildFile section */
		2C11907328BE84350038D4B9 /* Tests_iOS.swift in Sources */ = {isa = PBXBuildFile; fileRef = 2C11907228BE84350038D4B9 /* Tests_iOS.swift */; };
		2C11907528BE84350038D4B9 /* Tests_iOSLaunchTests.swift in Sources */ = {isa = PBXBuildFile; fileRef = 2C11907428BE84350038D4B9 /* Tests_iOSLaunchTests.swift */; };
		2C11907F28BE84350038D4B9 /* Tests_macOS.swift in Sources */ = {isa = PBXBuildFile; fileRef = 2C11907E28BE84350038D4B9 /* Tests_macOS.swift */; };
		2C11908128BE84350038D4B9 /* Tests_macOSLaunchTests.swift in Sources */ = {isa = PBXBuildFile; fileRef = 2C11908028BE84350038D4B9 /* Tests_macOSLaunchTests.swift */; };
		2C11908228BE84350038D4B9 /* DemoApp.swift in Sources */ = {isa = PBXBuildFile; fileRef = 2C11905A28BE84350038D4B9 /* DemoApp.swift */; };
		2C11908328BE84350038D4B9 /* DemoApp.swift in Sources */ = {isa = PBXBuildFile; fileRef = 2C11905A28BE84350038D4B9 /* DemoApp.swift */; };
		2C11908428BE84350038D4B9 /* ContentView.swift in Sources */ = {isa = PBXBuildFile; fileRef = 2C11905B28BE84350038D4B9 /* ContentView.swift */; };
		2C11908528BE84350038D4B9 /* ContentView.swift in Sources */ = {isa = PBXBuildFile; fileRef = 2C11905B28BE84350038D4B9 /* ContentView.swift */; };
		2C11908628BE84350038D4B9 /* Assets.xcassets in Resources */ = {isa = PBXBuildFile; fileRef = 2C11905C28BE84350038D4B9 /* Assets.xcassets */; };
		2C11908728BE84350038D4B9 /* Assets.xcassets in Resources */ = {isa = PBXBuildFile; fileRef = 2C11905C28BE84350038D4B9 /* Assets.xcassets */; };
		2C1190AA28BE86AA0038D4B9 /* DeckUI.framework in Frameworks */ = {isa = PBXBuildFile; fileRef = 2C1190A628BE84D00038D4B9 /* DeckUI.framework */; };
		2C1190AB28BE86AA0038D4B9 /* DeckUI.framework in Embed Frameworks */ = {isa = PBXBuildFile; fileRef = 2C1190A628BE84D00038D4B9 /* DeckUI.framework */; settings = {ATTRIBUTES = (CodeSignOnCopy, RemoveHeadersOnCopy, ); }; };
		2C1190AD28BE86B40038D4B9 /* DeckUI.framework in Frameworks */ = {isa = PBXBuildFile; fileRef = 2C1190A828BE84D30038D4B9 /* DeckUI.framework */; };
		2C1190AE28BE86B40038D4B9 /* DeckUI.framework in Embed Frameworks */ = {isa = PBXBuildFile; fileRef = 2C1190A828BE84D30038D4B9 /* DeckUI.framework */; settings = {ATTRIBUTES = (CodeSignOnCopy, RemoveHeadersOnCopy, ); }; };
/* End PBXBuildFile section */

/* Begin PBXContainerItemProxy section */
		2C11906F28BE84350038D4B9 /* PBXContainerItemProxy */ = {
			isa = PBXContainerItemProxy;
			containerPortal = 2C11905528BE84340038D4B9 /* Project object */;
			proxyType = 1;
			remoteGlobalIDString = 2C11906028BE84350038D4B9;
			remoteInfo = "Demo (iOS)";
		};
		2C11907B28BE84350038D4B9 /* PBXContainerItemProxy */ = {
			isa = PBXContainerItemProxy;
			containerPortal = 2C11905528BE84340038D4B9 /* Project object */;
			proxyType = 1;
			remoteGlobalIDString = 2C11906628BE84350038D4B9;
			remoteInfo = "Demo (macOS)";
		};
/* End PBXContainerItemProxy section */

/* Begin PBXCopyFilesBuildPhase section */
		2C1190AC28BE86AA0038D4B9 /* Embed Frameworks */ = {
			isa = PBXCopyFilesBuildPhase;
			buildActionMask = 2147483647;
			dstPath = "";
			dstSubfolderSpec = 10;
			files = (
				2C1190AB28BE86AA0038D4B9 /* DeckUI.framework in Embed Frameworks */,
			);
			name = "Embed Frameworks";
			runOnlyForDeploymentPostprocessing = 0;
		};
		2C1190AF28BE86B40038D4B9 /* Embed Frameworks */ = {
			isa = PBXCopyFilesBuildPhase;
			buildActionMask = 2147483647;
			dstPath = "";
			dstSubfolderSpec = 10;
			files = (
				2C1190AE28BE86B40038D4B9 /* DeckUI.framework in Embed Frameworks */,
			);
			name = "Embed Frameworks";
			runOnlyForDeploymentPostprocessing = 0;
		};
/* End PBXCopyFilesBuildPhase section */

/* Begin PBXFileReference section */
		2C11905A28BE84350038D4B9 /* DemoApp.swift */ = {isa = PBXFileReference; lastKnownFileType = sourcecode.swift; path = DemoApp.swift; sourceTree = "<group>"; };
		2C11905B28BE84350038D4B9 /* ContentView.swift */ = {isa = PBXFileReference; lastKnownFileType = sourcecode.swift; path = ContentView.swift; sourceTree = "<group>"; };
		2C11905C28BE84350038D4B9 /* Assets.xcassets */ = {isa = PBXFileReference; lastKnownFileType = folder.assetcatalog; path = Assets.xcassets; sourceTree = "<group>"; };
		2C11906128BE84350038D4B9 /* Demo.app */ = {isa = PBXFileReference; explicitFileType = wrapper.application; includeInIndex = 0; path = Demo.app; sourceTree = BUILT_PRODUCTS_DIR; };
		2C11906728BE84350038D4B9 /* Demo.app */ = {isa = PBXFileReference; explicitFileType = wrapper.application; includeInIndex = 0; path = Demo.app; sourceTree = BUILT_PRODUCTS_DIR; };
		2C11906928BE84350038D4B9 /* macOS.entitlements */ = {isa = PBXFileReference; lastKnownFileType = text.plist.entitlements; path = macOS.entitlements; sourceTree = "<group>"; };
		2C11906E28BE84350038D4B9 /* Tests iOS.xctest */ = {isa = PBXFileReference; explicitFileType = wrapper.cfbundle; includeInIndex = 0; path = "Tests iOS.xctest"; sourceTree = BUILT_PRODUCTS_DIR; };
		2C11907228BE84350038D4B9 /* Tests_iOS.swift */ = {isa = PBXFileReference; lastKnownFileType = sourcecode.swift; path = Tests_iOS.swift; sourceTree = "<group>"; };
		2C11907428BE84350038D4B9 /* Tests_iOSLaunchTests.swift */ = {isa = PBXFileReference; lastKnownFileType = sourcecode.swift; path = Tests_iOSLaunchTests.swift; sourceTree = "<group>"; };
		2C11907A28BE84350038D4B9 /* Tests macOS.xctest */ = {isa = PBXFileReference; explicitFileType = wrapper.cfbundle; includeInIndex = 0; path = "Tests macOS.xctest"; sourceTree = BUILT_PRODUCTS_DIR; };
		2C11907E28BE84350038D4B9 /* Tests_macOS.swift */ = {isa = PBXFileReference; lastKnownFileType = sourcecode.swift; path = Tests_macOS.swift; sourceTree = "<group>"; };
		2C11908028BE84350038D4B9 /* Tests_macOSLaunchTests.swift */ = {isa = PBXFileReference; lastKnownFileType = sourcecode.swift; path = Tests_macOSLaunchTests.swift; sourceTree = "<group>"; };
		2C1190A628BE84D00038D4B9 /* DeckUI.framework */ = {isa = PBXFileReference; explicitFileType = wrapper.framework; path = DeckUI.framework; sourceTree = BUILT_PRODUCTS_DIR; };
		2C1190A828BE84D30038D4B9 /* DeckUI.framework */ = {isa = PBXFileReference; explicitFileType = wrapper.framework; path = DeckUI.framework; sourceTree = BUILT_PRODUCTS_DIR; };
/* End PBXFileReference section */

/* Begin PBXFrameworksBuildPhase section */
		2C11905E28BE84350038D4B9 /* Frameworks */ = {
			isa = PBXFrameworksBuildPhase;
			buildActionMask = 2147483647;
			files = (
				2C1190AD28BE86B40038D4B9 /* DeckUI.framework in Frameworks */,
			);
			runOnlyForDeploymentPostprocessing = 0;
		};
		2C11906428BE84350038D4B9 /* Frameworks */ = {
			isa = PBXFrameworksBuildPhase;
			buildActionMask = 2147483647;
			files = (
				2C1190AA28BE86AA0038D4B9 /* DeckUI.framework in Frameworks */,
			);
			runOnlyForDeploymentPostprocessing = 0;
		};
		2C11906B28BE84350038D4B9 /* Frameworks */ = {
			isa = PBXFrameworksBuildPhase;
			buildActionMask = 2147483647;
			files = (
			);
			runOnlyForDeploymentPostprocessing = 0;
		};
		2C11907728BE84350038D4B9 /* Frameworks */ = {
			isa = PBXFrameworksBuildPhase;
			buildActionMask = 2147483647;
			files = (
			);
			runOnlyForDeploymentPostprocessing = 0;
		};
/* End PBXFrameworksBuildPhase section */

/* Begin PBXGroup section */
		2C11905428BE84340038D4B9 = {
			isa = PBXGroup;
			children = (
				2C11905928BE84350038D4B9 /* Shared */,
				2C11906828BE84350038D4B9 /* macOS */,
				2C11907128BE84350038D4B9 /* Tests iOS */,
				2C11907D28BE84350038D4B9 /* Tests macOS */,
				2C11906228BE84350038D4B9 /* Products */,
				2C1190A528BE84D00038D4B9 /* Frameworks */,
			);
			sourceTree = "<group>";
		};
		2C11905928BE84350038D4B9 /* Shared */ = {
			isa = PBXGroup;
			children = (
				2C11905A28BE84350038D4B9 /* DemoApp.swift */,
				2C11905B28BE84350038D4B9 /* ContentView.swift */,
				2C11905C28BE84350038D4B9 /* Assets.xcassets */,
			);
			path = Shared;
			sourceTree = "<group>";
		};
		2C11906228BE84350038D4B9 /* Products */ = {
			isa = PBXGroup;
			children = (
				2C11906128BE84350038D4B9 /* Demo.app */,
				2C11906728BE84350038D4B9 /* Demo.app */,
				2C11906E28BE84350038D4B9 /* Tests iOS.xctest */,
				2C11907A28BE84350038D4B9 /* Tests macOS.xctest */,
			);
			name = Products;
			sourceTree = "<group>";
		};
		2C11906828BE84350038D4B9 /* macOS */ = {
			isa = PBXGroup;
			children = (
				2C11906928BE84350038D4B9 /* macOS.entitlements */,
			);
			path = macOS;
			sourceTree = "<group>";
		};
		2C11907128BE84350038D4B9 /* Tests iOS */ = {
			isa = PBXGroup;
			children = (
				2C11907228BE84350038D4B9 /* Tests_iOS.swift */,
				2C11907428BE84350038D4B9 /* Tests_iOSLaunchTests.swift */,
			);
			path = "Tests iOS";
			sourceTree = "<group>";
		};
		2C11907D28BE84350038D4B9 /* Tests macOS */ = {
			isa = PBXGroup;
			children = (
				2C11907E28BE84350038D4B9 /* Tests_macOS.swift */,
				2C11908028BE84350038D4B9 /* Tests_macOSLaunchTests.swift */,
			);
			path = "Tests macOS";
			sourceTree = "<group>";
		};
		2C1190A528BE84D00038D4B9 /* Frameworks */ = {
			isa = PBXGroup;
			children = (
				2C1190A828BE84D30038D4B9 /* DeckUI.framework */,
				2C1190A628BE84D00038D4B9 /* DeckUI.framework */,
			);
			name = Frameworks;
			sourceTree = "<group>";
		};
/* End PBXGroup section */

/* Begin PBXNativeTarget section */
		2C11906028BE84350038D4B9 /* Demo (iOS) */ = {
			isa = PBXNativeTarget;
			buildConfigurationList = 2C11908A28BE84350038D4B9 /* Build configuration list for PBXNativeTarget "Demo (iOS)" */;
			buildPhases = (
				2C11905D28BE84350038D4B9 /* Sources */,
				2C11905E28BE84350038D4B9 /* Frameworks */,
				2C11905F28BE84350038D4B9 /* Resources */,
				2C1190AF28BE86B40038D4B9 /* Embed Frameworks */,
			);
			buildRules = (
			);
			dependencies = (
			);
			name = "Demo (iOS)";
			productName = "Demo (iOS)";
			productReference = 2C11906128BE84350038D4B9 /* Demo.app */;
			productType = "com.apple.product-type.application";
		};
		2C11906628BE84350038D4B9 /* Demo (macOS) */ = {
			isa = PBXNativeTarget;
			buildConfigurationList = 2C11908D28BE84350038D4B9 /* Build configuration list for PBXNativeTarget "Demo (macOS)" */;
			buildPhases = (
				2C11906328BE84350038D4B9 /* Sources */,
				2C11906428BE84350038D4B9 /* Frameworks */,
				2C11906528BE84350038D4B9 /* Resources */,
				2C1190AC28BE86AA0038D4B9 /* Embed Frameworks */,
			);
			buildRules = (
			);
			dependencies = (
			);
			name = "Demo (macOS)";
			productName = "Demo (macOS)";
			productReference = 2C11906728BE84350038D4B9 /* Demo.app */;
			productType = "com.apple.product-type.application";
		};
		2C11906D28BE84350038D4B9 /* Tests iOS */ = {
			isa = PBXNativeTarget;
			buildConfigurationList = 2C11909028BE84350038D4B9 /* Build configuration list for PBXNativeTarget "Tests iOS" */;
			buildPhases = (
				2C11906A28BE84350038D4B9 /* Sources */,
				2C11906B28BE84350038D4B9 /* Frameworks */,
				2C11906C28BE84350038D4B9 /* Resources */,
			);
			buildRules = (
			);
			dependencies = (
				2C11907028BE84350038D4B9 /* PBXTargetDependency */,
			);
			name = "Tests iOS";
			productName = "Tests iOS";
			productReference = 2C11906E28BE84350038D4B9 /* Tests iOS.xctest */;
			productType = "com.apple.product-type.bundle.ui-testing";
		};
		2C11907928BE84350038D4B9 /* Tests macOS */ = {
			isa = PBXNativeTarget;
			buildConfigurationList = 2C11909328BE84350038D4B9 /* Build configuration list for PBXNativeTarget "Tests macOS" */;
			buildPhases = (
				2C11907628BE84350038D4B9 /* Sources */,
				2C11907728BE84350038D4B9 /* Frameworks */,
				2C11907828BE84350038D4B9 /* Resources */,
			);
			buildRules = (
			);
			dependencies = (
				2C11907C28BE84350038D4B9 /* PBXTargetDependency */,
			);
			name = "Tests macOS";
			productName = "Tests macOS";
			productReference = 2C11907A28BE84350038D4B9 /* Tests macOS.xctest */;
			productType = "com.apple.product-type.bundle.ui-testing";
		};
/* End PBXNativeTarget section */

/* Begin PBXProject section */
		2C11905528BE84340038D4B9 /* Project object */ = {
			isa = PBXProject;
			attributes = {
				BuildIndependentTargetsInParallel = 1;
				LastSwiftUpdateCheck = 1340;
				LastUpgradeCheck = 1340;
				TargetAttributes = {
					2C11906028BE84350038D4B9 = {
						CreatedOnToolsVersion = 13.4.1;
					};
					2C11906628BE84350038D4B9 = {
						CreatedOnToolsVersion = 13.4.1;
					};
					2C11906D28BE84350038D4B9 = {
						CreatedOnToolsVersion = 13.4.1;
						TestTargetID = 2C11906028BE84350038D4B9;
					};
					2C11907928BE84350038D4B9 = {
						CreatedOnToolsVersion = 13.4.1;
						TestTargetID = 2C11906628BE84350038D4B9;
					};
				};
			};
			buildConfigurationList = 2C11905828BE84340038D4B9 /* Build configuration list for PBXProject "Demo" */;
			compatibilityVersion = "Xcode 13.0";
			developmentRegion = en;
			hasScannedForEncodings = 0;
			knownRegions = (
				en,
				Base,
			);
			mainGroup = 2C11905428BE84340038D4B9;
			productRefGroup = 2C11906228BE84350038D4B9 /* Products */;
			projectDirPath = "";
			projectRoot = "";
			targets = (
				2C11906028BE84350038D4B9 /* Demo (iOS) */,
				2C11906628BE84350038D4B9 /* Demo (macOS) */,
				2C11906D28BE84350038D4B9 /* Tests iOS */,
				2C11907928BE84350038D4B9 /* Tests macOS */,
			);
		};
/* End PBXProject section */

/* Begin PBXResourcesBuildPhase section */
		2C11905F28BE84350038D4B9 /* Resources */ = {
			isa = PBXResourcesBuildPhase;
			buildActionMask = 2147483647;
			files = (
				2C11908628BE84350038D4B9 /* Assets.xcassets in Resources */,
			);
			runOnlyForDeploymentPostprocessing = 0;
		};
		2C11906528BE84350038D4B9 /* Resources */ = {
			isa = PBXResourcesBuildPhase;
			buildActionMask = 2147483647;
			files = (
				2C11908728BE84350038D4B9 /* Assets.xcassets in Resources */,
			);
			runOnlyForDeploymentPostprocessing = 0;
		};
		2C11906C28BE84350038D4B9 /* Resources */ = {
			isa = PBXResourcesBuildPhase;
			buildActionMask = 2147483647;
			files = (
			);
			runOnlyForDeploymentPostprocessing = 0;
		};
		2C11907828BE84350038D4B9 /* Resources */ = {
			isa = PBXResourcesBuildPhase;
			buildActionMask = 2147483647;
			files = (
			);
			runOnlyForDeploymentPostprocessing = 0;
		};
/* End PBXResourcesBuildPhase section */

/* Begin PBXSourcesBuildPhase section */
		2C11905D28BE84350038D4B9 /* Sources */ = {
			isa = PBXSourcesBuildPhase;
			buildActionMask = 2147483647;
			files = (
				2C11908428BE84350038D4B9 /* ContentView.swift in Sources */,
				2C11908228BE84350038D4B9 /* DemoApp.swift in Sources */,
			);
			runOnlyForDeploymentPostprocessing = 0;
		};
		2C11906328BE84350038D4B9 /* Sources */ = {
			isa = PBXSourcesBuildPhase;
			buildActionMask = 2147483647;
			files = (
				2C11908528BE84350038D4B9 /* ContentView.swift in Sources */,
				2C11908328BE84350038D4B9 /* DemoApp.swift in Sources */,
			);
			runOnlyForDeploymentPostprocessing = 0;
		};
		2C11906A28BE84350038D4B9 /* Sources */ = {
			isa = PBXSourcesBuildPhase;
			buildActionMask = 2147483647;
			files = (
				2C11907528BE84350038D4B9 /* Tests_iOSLaunchTests.swift in Sources */,
				2C11907328BE84350038D4B9 /* Tests_iOS.swift in Sources */,
			);
			runOnlyForDeploymentPostprocessing = 0;
		};
		2C11907628BE84350038D4B9 /* Sources */ = {
			isa = PBXSourcesBuildPhase;
			buildActionMask = 2147483647;
			files = (
				2C11908128BE84350038D4B9 /* Tests_macOSLaunchTests.swift in Sources */,
				2C11907F28BE84350038D4B9 /* Tests_macOS.swift in Sources */,
			);
			runOnlyForDeploymentPostprocessing = 0;
		};
/* End PBXSourcesBuildPhase section */

/* Begin PBXTargetDependency section */
		2C11907028BE84350038D4B9 /* PBXTargetDependency */ = {
			isa = PBXTargetDependency;
			target = 2C11906028BE84350038D4B9 /* Demo (iOS) */;
			targetProxy = 2C11906F28BE84350038D4B9 /* PBXContainerItemProxy */;
		};
		2C11907C28BE84350038D4B9 /* PBXTargetDependency */ = {
			isa = PBXTargetDependency;
			target = 2C11906628BE84350038D4B9 /* Demo (macOS) */;
			targetProxy = 2C11907B28BE84350038D4B9 /* PBXContainerItemProxy */;
		};
/* End PBXTargetDependency section */

/* Begin XCBuildConfiguration section */
		2C11908828BE84350038D4B9 /* Debug */ = {
			isa = XCBuildConfiguration;
			buildSettings = {
				ALWAYS_SEARCH_USER_PATHS = NO;
				CLANG_ANALYZER_NONNULL = YES;
				CLANG_ANALYZER_NUMBER_OBJECT_CONVERSION = YES_AGGRESSIVE;
				CLANG_CXX_LANGUAGE_STANDARD = "gnu++17";
				CLANG_ENABLE_MODULES = YES;
				CLANG_ENABLE_OBJC_ARC = YES;
				CLANG_ENABLE_OBJC_WEAK = YES;
				CLANG_WARN_BLOCK_CAPTURE_AUTORELEASING = YES;
				CLANG_WARN_BOOL_CONVERSION = YES;
				CLANG_WARN_COMMA = YES;
				CLANG_WARN_CONSTANT_CONVERSION = YES;
				CLANG_WARN_DEPRECATED_OBJC_IMPLEMENTATIONS = YES;
				CLANG_WARN_DIRECT_OBJC_ISA_USAGE = YES_ERROR;
				CLANG_WARN_DOCUMENTATION_COMMENTS = YES;
				CLANG_WARN_EMPTY_BODY = YES;
				CLANG_WARN_ENUM_CONVERSION = YES;
				CLANG_WARN_INFINITE_RECURSION = YES;
				CLANG_WARN_INT_CONVERSION = YES;
				CLANG_WARN_NON_LITERAL_NULL_CONVERSION = YES;
				CLANG_WARN_OBJC_IMPLICIT_RETAIN_SELF = YES;
				CLANG_WARN_OBJC_LITERAL_CONVERSION = YES;
				CLANG_WARN_OBJC_ROOT_CLASS = YES_ERROR;
				CLANG_WARN_QUOTED_INCLUDE_IN_FRAMEWORK_HEADER = YES;
				CLANG_WARN_RANGE_LOOP_ANALYSIS = YES;
				CLANG_WARN_STRICT_PROTOTYPES = YES;
				CLANG_WARN_SUSPICIOUS_MOVE = YES;
				CLANG_WARN_UNGUARDED_AVAILABILITY = YES_AGGRESSIVE;
				CLANG_WARN_UNREACHABLE_CODE = YES;
				CLANG_WARN__DUPLICATE_METHOD_MATCH = YES;
				COPY_PHASE_STRIP = NO;
				DEBUG_INFORMATION_FORMAT = dwarf;
				ENABLE_STRICT_OBJC_MSGSEND = YES;
				ENABLE_TESTABILITY = YES;
				GCC_C_LANGUAGE_STANDARD = gnu11;
				GCC_DYNAMIC_NO_PIC = NO;
				GCC_NO_COMMON_BLOCKS = YES;
				GCC_OPTIMIZATION_LEVEL = 0;
				GCC_PREPROCESSOR_DEFINITIONS = (
					"DEBUG=1",
					"$(inherited)",
				);
				GCC_WARN_64_TO_32_BIT_CONVERSION = YES;
				GCC_WARN_ABOUT_RETURN_TYPE = YES_ERROR;
				GCC_WARN_UNDECLARED_SELECTOR = YES;
				GCC_WARN_UNINITIALIZED_AUTOS = YES_AGGRESSIVE;
				GCC_WARN_UNUSED_FUNCTION = YES;
				GCC_WARN_UNUSED_VARIABLE = YES;
				MTL_ENABLE_DEBUG_INFO = INCLUDE_SOURCE;
				MTL_FAST_MATH = YES;
				ONLY_ACTIVE_ARCH = YES;
				SWIFT_ACTIVE_COMPILATION_CONDITIONS = DEBUG;
				SWIFT_OPTIMIZATION_LEVEL = "-Onone";
			};
			name = Debug;
		};
		2C11908928BE84350038D4B9 /* Release */ = {
			isa = XCBuildConfiguration;
			buildSettings = {
				ALWAYS_SEARCH_USER_PATHS = NO;
				CLANG_ANALYZER_NONNULL = YES;
				CLANG_ANALYZER_NUMBER_OBJECT_CONVERSION = YES_AGGRESSIVE;
				CLANG_CXX_LANGUAGE_STANDARD = "gnu++17";
				CLANG_ENABLE_MODULES = YES;
				CLANG_ENABLE_OBJC_ARC = YES;
				CLANG_ENABLE_OBJC_WEAK = YES;
				CLANG_WARN_BLOCK_CAPTURE_AUTORELEASING = YES;
				CLANG_WARN_BOOL_CONVERSION = YES;
				CLANG_WARN_COMMA = YES;
				CLANG_WARN_CONSTANT_CONVERSION = YES;
				CLANG_WARN_DEPRECATED_OBJC_IMPLEMENTATIONS = YES;
				CLANG_WARN_DIRECT_OBJC_ISA_USAGE = YES_ERROR;
				CLANG_WARN_DOCUMENTATION_COMMENTS = YES;
				CLANG_WARN_EMPTY_BODY = YES;
				CLANG_WARN_ENUM_CONVERSION = YES;
				CLANG_WARN_INFINITE_RECURSION = YES;
				CLANG_WARN_INT_CONVERSION = YES;
				CLANG_WARN_NON_LITERAL_NULL_CONVERSION = YES;
				CLANG_WARN_OBJC_IMPLICIT_RETAIN_SELF = YES;
				CLANG_WARN_OBJC_LITERAL_CONVERSION = YES;
				CLANG_WARN_OBJC_ROOT_CLASS = YES_ERROR;
				CLANG_WARN_QUOTED_INCLUDE_IN_FRAMEWORK_HEADER = YES;
				CLANG_WARN_RANGE_LOOP_ANALYSIS = YES;
				CLANG_WARN_STRICT_PROTOTYPES = YES;
				CLANG_WARN_SUSPICIOUS_MOVE = YES;
				CLANG_WARN_UNGUARDED_AVAILABILITY = YES_AGGRESSIVE;
				CLANG_WARN_UNREACHABLE_CODE = YES;
				CLANG_WARN__DUPLICATE_METHOD_MATCH = YES;
				COPY_PHASE_STRIP = NO;
				DEBUG_INFORMATION_FORMAT = "dwarf-with-dsym";
				ENABLE_NS_ASSERTIONS = NO;
				ENABLE_STRICT_OBJC_MSGSEND = YES;
				GCC_C_LANGUAGE_STANDARD = gnu11;
				GCC_NO_COMMON_BLOCKS = YES;
				GCC_WARN_64_TO_32_BIT_CONVERSION = YES;
				GCC_WARN_ABOUT_RETURN_TYPE = YES_ERROR;
				GCC_WARN_UNDECLARED_SELECTOR = YES;
				GCC_WARN_UNINITIALIZED_AUTOS = YES_AGGRESSIVE;
				GCC_WARN_UNUSED_FUNCTION = YES;
				GCC_WARN_UNUSED_VARIABLE = YES;
				MTL_ENABLE_DEBUG_INFO = NO;
				MTL_FAST_MATH = YES;
				SWIFT_COMPILATION_MODE = wholemodule;
				SWIFT_OPTIMIZATION_LEVEL = "-O";
			};
			name = Release;
		};
		2C11908B28BE84350038D4B9 /* Debug */ = {
			isa = XCBuildConfiguration;
			buildSettings = {
				ASSETCATALOG_COMPILER_APPICON_NAME = AppIcon;
				ASSETCATALOG_COMPILER_GLOBAL_ACCENT_COLOR_NAME = AccentColor;
				CODE_SIGN_STYLE = Automatic;
				CURRENT_PROJECT_VERSION = 1;
				DEVELOPMENT_TEAM = 972KS36P2U;
				ENABLE_PREVIEWS = YES;
				GENERATE_INFOPLIST_FILE = YES;
				INFOPLIST_KEY_UIApplicationSceneManifest_Generation = YES;
				INFOPLIST_KEY_UIApplicationSupportsIndirectInputEvents = YES;
				INFOPLIST_KEY_UILaunchScreen_Generation = YES;
				INFOPLIST_KEY_UISupportedInterfaceOrientations_iPad = "UIInterfaceOrientationPortrait UIInterfaceOrientationPortraitUpsideDown UIInterfaceOrientationLandscapeLeft UIInterfaceOrientationLandscapeRight";
				INFOPLIST_KEY_UISupportedInterfaceOrientations_iPhone = "UIInterfaceOrientationPortrait UIInterfaceOrientationLandscapeLeft UIInterfaceOrientationLandscapeRight";
				IPHONEOS_DEPLOYMENT_TARGET = 15.5;
				LD_RUNPATH_SEARCH_PATHS = (
					"$(inherited)",
					"@executable_path/Frameworks",
				);
				MARKETING_VERSION = 1.0;
				PRODUCT_BUNDLE_IDENTIFIER = com.joshholtz.Demo;
				PRODUCT_NAME = Demo;
				SDKROOT = iphoneos;
				SWIFT_EMIT_LOC_STRINGS = YES;
				SWIFT_VERSION = 5.0;
				TARGETED_DEVICE_FAMILY = "1,2";
			};
			name = Debug;
		};
		2C11908C28BE84350038D4B9 /* Release */ = {
			isa = XCBuildConfiguration;
			buildSettings = {
				ASSETCATALOG_COMPILER_APPICON_NAME = AppIcon;
				ASSETCATALOG_COMPILER_GLOBAL_ACCENT_COLOR_NAME = AccentColor;
				CODE_SIGN_STYLE = Automatic;
				CURRENT_PROJECT_VERSION = 1;
				DEVELOPMENT_TEAM = 972KS36P2U;
				ENABLE_PREVIEWS = YES;
				GENERATE_INFOPLIST_FILE = YES;
				INFOPLIST_KEY_UIApplicationSceneManifest_Generation = YES;
				INFOPLIST_KEY_UIApplicationSupportsIndirectInputEvents = YES;
				INFOPLIST_KEY_UILaunchScreen_Generation = YES;
				INFOPLIST_KEY_UISupportedInterfaceOrientations_iPad = "UIInterfaceOrientationPortrait UIInterfaceOrientationPortraitUpsideDown UIInterfaceOrientationLandscapeLeft UIInterfaceOrientationLandscapeRight";
				INFOPLIST_KEY_UISupportedInterfaceOrientations_iPhone = "UIInterfaceOrientationPortrait UIInterfaceOrientationLandscapeLeft UIInterfaceOrientationLandscapeRight";
				IPHONEOS_DEPLOYMENT_TARGET = 15.5;
				LD_RUNPATH_SEARCH_PATHS = (
					"$(inherited)",
					"@executable_path/Frameworks",
				);
				MARKETING_VERSION = 1.0;
				PRODUCT_BUNDLE_IDENTIFIER = com.joshholtz.Demo;
				PRODUCT_NAME = Demo;
				SDKROOT = iphoneos;
				SWIFT_EMIT_LOC_STRINGS = YES;
				SWIFT_VERSION = 5.0;
				TARGETED_DEVICE_FAMILY = "1,2";
				VALIDATE_PRODUCT = YES;
			};
			name = Release;
		};
		2C11908E28BE84350038D4B9 /* Debug */ = {
			isa = XCBuildConfiguration;
			buildSettings = {
				ASSETCATALOG_COMPILER_APPICON_NAME = AppIcon;
				ASSETCATALOG_COMPILER_GLOBAL_ACCENT_COLOR_NAME = AccentColor;
				CODE_SIGN_ENTITLEMENTS = macOS/macOS.entitlements;
				CODE_SIGN_STYLE = Automatic;
				COMBINE_HIDPI_IMAGES = YES;
				CURRENT_PROJECT_VERSION = 1;
				DEVELOPMENT_TEAM = 972KS36P2U;
				ENABLE_HARDENED_RUNTIME = YES;
				ENABLE_PREVIEWS = YES;
				GENERATE_INFOPLIST_FILE = YES;
				INFOPLIST_KEY_NSHumanReadableCopyright = "";
				LD_RUNPATH_SEARCH_PATHS = (
					"$(inherited)",
					"@executable_path/../Frameworks",
				);
				MACOSX_DEPLOYMENT_TARGET = 12.3;
				MARKETING_VERSION = 1.0;
				PRODUCT_BUNDLE_IDENTIFIER = com.joshholtz.Demo;
				PRODUCT_NAME = Demo;
				SDKROOT = macosx;
				SWIFT_EMIT_LOC_STRINGS = YES;
				SWIFT_VERSION = 5.0;
			};
			name = Debug;
		};
		2C11908F28BE84350038D4B9 /* Release */ = {
			isa = XCBuildConfiguration;
			buildSettings = {
				ASSETCATALOG_COMPILER_APPICON_NAME = AppIcon;
				ASSETCATALOG_COMPILER_GLOBAL_ACCENT_COLOR_NAME = AccentColor;
				CODE_SIGN_ENTITLEMENTS = macOS/macOS.entitlements;
				CODE_SIGN_STYLE = Automatic;
				COMBINE_HIDPI_IMAGES = YES;
				CURRENT_PROJECT_VERSION = 1;
				DEVELOPMENT_TEAM = 972KS36P2U;
				ENABLE_HARDENED_RUNTIME = YES;
				ENABLE_PREVIEWS = YES;
				GENERATE_INFOPLIST_FILE = YES;
				INFOPLIST_KEY_NSHumanReadableCopyright = "";
				LD_RUNPATH_SEARCH_PATHS = (
					"$(inherited)",
					"@executable_path/../Frameworks",
				);
				MACOSX_DEPLOYMENT_TARGET = 12.3;
				MARKETING_VERSION = 1.0;
				PRODUCT_BUNDLE_IDENTIFIER = com.joshholtz.Demo;
				PRODUCT_NAME = Demo;
				SDKROOT = macosx;
				SWIFT_EMIT_LOC_STRINGS = YES;
				SWIFT_VERSION = 5.0;
			};
			name = Release;
		};
		2C11909128BE84350038D4B9 /* Debug */ = {
			isa = XCBuildConfiguration;
			buildSettings = {
				ALWAYS_EMBED_SWIFT_STANDARD_LIBRARIES = YES;
				CODE_SIGN_STYLE = Automatic;
				CURRENT_PROJECT_VERSION = 1;
				DEVELOPMENT_TEAM = 972KS36P2U;
				GENERATE_INFOPLIST_FILE = YES;
				IPHONEOS_DEPLOYMENT_TARGET = 15.5;
				MARKETING_VERSION = 1.0;
				PRODUCT_BUNDLE_IDENTIFIER = "com.joshholtz.Tests-iOS";
				PRODUCT_NAME = "$(TARGET_NAME)";
				SDKROOT = iphoneos;
				SWIFT_EMIT_LOC_STRINGS = NO;
				SWIFT_VERSION = 5.0;
				TARGETED_DEVICE_FAMILY = "1,2";
				TEST_TARGET_NAME = "Demo (iOS)";
			};
			name = Debug;
		};
		2C11909228BE84350038D4B9 /* Release */ = {
			isa = XCBuildConfiguration;
			buildSettings = {
				ALWAYS_EMBED_SWIFT_STANDARD_LIBRARIES = YES;
				CODE_SIGN_STYLE = Automatic;
				CURRENT_PROJECT_VERSION = 1;
				DEVELOPMENT_TEAM = 972KS36P2U;
				GENERATE_INFOPLIST_FILE = YES;
				IPHONEOS_DEPLOYMENT_TARGET = 15.5;
				MARKETING_VERSION = 1.0;
				PRODUCT_BUNDLE_IDENTIFIER = "com.joshholtz.Tests-iOS";
				PRODUCT_NAME = "$(TARGET_NAME)";
				SDKROOT = iphoneos;
				SWIFT_EMIT_LOC_STRINGS = NO;
				SWIFT_VERSION = 5.0;
				TARGETED_DEVICE_FAMILY = "1,2";
				TEST_TARGET_NAME = "Demo (iOS)";
				VALIDATE_PRODUCT = YES;
			};
			name = Release;
		};
		2C11909428BE84350038D4B9 /* Debug */ = {
			isa = XCBuildConfiguration;
			buildSettings = {
				ALWAYS_EMBED_SWIFT_STANDARD_LIBRARIES = YES;
				CODE_SIGN_STYLE = Automatic;
				CURRENT_PROJECT_VERSION = 1;
				DEVELOPMENT_TEAM = 972KS36P2U;
				GENERATE_INFOPLIST_FILE = YES;
				MACOSX_DEPLOYMENT_TARGET = 12.3;
				MARKETING_VERSION = 1.0;
				PRODUCT_BUNDLE_IDENTIFIER = "com.joshholtz.Tests-macOS";
				PRODUCT_NAME = "$(TARGET_NAME)";
				SDKROOT = macosx;
				SWIFT_EMIT_LOC_STRINGS = NO;
				SWIFT_VERSION = 5.0;
				TEST_TARGET_NAME = "Demo (macOS)";
			};
			name = Debug;
		};
		2C11909528BE84350038D4B9 /* Release */ = {
			isa = XCBuildConfiguration;
			buildSettings = {
				ALWAYS_EMBED_SWIFT_STANDARD_LIBRARIES = YES;
				CODE_SIGN_STYLE = Automatic;
				CURRENT_PROJECT_VERSION = 1;
				DEVELOPMENT_TEAM = 972KS36P2U;
				GENERATE_INFOPLIST_FILE = YES;
				MACOSX_DEPLOYMENT_TARGET = 12.3;
				MARKETING_VERSION = 1.0;
				PRODUCT_BUNDLE_IDENTIFIER = "com.joshholtz.Tests-macOS";
				PRODUCT_NAME = "$(TARGET_NAME)";
				SDKROOT = macosx;
				SWIFT_EMIT_LOC_STRINGS = NO;
				SWIFT_VERSION = 5.0;
				TEST_TARGET_NAME = "Demo (macOS)";
			};
			name = Release;
		};
/* End XCBuildConfiguration section */

/* Begin XCConfigurationList section */
		2C11905828BE84340038D4B9 /* Build configuration list for PBXProject "Demo" */ = {
			isa = XCConfigurationList;
			buildConfigurations = (
				2C11908828BE84350038D4B9 /* Debug */,
				2C11908928BE84350038D4B9 /* Release */,
			);
			defaultConfigurationIsVisible = 0;
			defaultConfigurationName = Release;
		};
		2C11908A28BE84350038D4B9 /* Build configuration list for PBXNativeTarget "Demo (iOS)" */ = {
			isa = XCConfigurationList;
			buildConfigurations = (
				2C11908B28BE84350038D4B9 /* Debug */,
				2C11908C28BE84350038D4B9 /* Release */,
			);
			defaultConfigurationIsVisible = 0;
			defaultConfigurationName = Release;
		};
		2C11908D28BE84350038D4B9 /* Build configuration list for PBXNativeTarget "Demo (macOS)" */ = {
			isa = XCConfigurationList;
			buildConfigurations = (
				2C11908E28BE84350038D4B9 /* Debug */,
				2C11908F28BE84350038D4B9 /* Release */,
			);
			defaultConfigurationIsVisible = 0;
			defaultConfigurationName = Release;
		};
		2C11909028BE84350038D4B9 /* Build configuration list for PBXNativeTarget "Tests iOS" */ = {
			isa = XCConfigurationList;
			buildConfigurations = (
				2C11909128BE84350038D4B9 /* Debug */,
				2C11909228BE84350038D4B9 /* Release */,
			);
			defaultConfigurationIsVisible = 0;
			defaultConfigurationName = Release;
		};
		2C11909328BE84350038D4B9 /* Build configuration list for PBXNativeTarget "Tests macOS" */ = {
			isa = XCConfigurationList;
			buildConfigurations = (
				2C11909428BE84350038D4B9 /* Debug */,
				2C11909528BE84350038D4B9 /* Release */,
			);
			defaultConfigurationIsVisible = 0;
			defaultConfigurationName = Release;
		};
/* End XCConfigurationList section */
	};
	rootObject = 2C11905528BE84340038D4B9 /* Project object */;
}
